
Microsoft Visual Studio Solution File, Format Version 12.00
# Visual Studio 14
VisualStudioVersion = 14.0.24720.0
MinimumVisualStudioVersion = 10.0.40219.1
Project("{FAE04EC0-301F-11D3-BF4B-00C04F79EFBC}") = "daily_hst_sina", "daily_hst_sina\daily_hst_sina.csproj", "{8DDD3B2C-133D-4369-B9A9-AE5B1746B3CC}"
EndProject
Project("{FAE04EC0-301F-11D3-BF4B-00C04F79EFBC}") = "Utility", "Utility\Utility.csproj", "{6261745B-60B5-4F9A-A5D7-D81096B0A449}"
EndProject
Global
	GlobalSection(SolutionConfigurationPlatforms) = preSolution
		Debug|Any CPU = Debug|Any CPU
		Release|Any CPU = Release|Any CPU
	EndGlobalSection
	GlobalSection(ProjectConfigurationPlatforms) = postSolution
		{8DDD3B2C-133D-4369-B9A9-AE5B1746B3CC}.Debug|Any CPU.ActiveCfg = Debug|Any CPU
		{8DDD3B2C-133D-4369-B9A9-AE5B1746B3CC}.Debug|Any CPU.Build.0 = Debug|Any CPU
		{8DDD3B2C-133D-4369-B9A9-AE5B1746B3CC}.Release|Any CPU.ActiveCfg = Release|Any CPU
		{8DDD3B2C-133D-4369-B9A9-AE5B1746B3CC}.Release|Any CPU.Build.0 = Release|Any CPU
		{6261745B-60B5-4F9A-A5D7-D81096B0A449}.Debug|Any CPU.ActiveCfg = Debug|Any CPU
		{6261745B-60B5-4F9A-A5D7-D81096B0A449}.Debug|Any CPU.Build.0 = Debug|Any CPU
		{6261745B-60B5-4F9A-A5D7-D81096B0A449}.Release|Any CPU.ActiveCfg = Release|Any CPU
		{6261745B-60B5-4F9A-A5D7-D81096B0A449}.Release|Any CPU.Build.0 = Release|Any CPU
	EndGlobalSection
	GlobalSection(SolutionProperties) = preSolution
		HideSolutionNode = FALSE
	EndGlobalSection
EndGlobal
